{
    "_meta": {
        "hash": {
            "sha256": "5d7e5f70e6495e64f59e84d7907421cc14c4b8d96bcaef47a94ba3e969a7b4ae"
        },
        "pipfile-spec": 6,
        "requires": {
            "python_version": "3.10"
        },
        "sources": [
            {
                "name": "pypi",
                "url": "https://pypi.org/simple",
                "verify_ssl": true
            }
        ]
    },
    "default": {
        "pyfiglet": {
            "hashes": [
                "sha256:9ae0ca97357399d4b95cfa7b583d7e7fe9007fe66a79936a3a04bf9dc785240e"
            ],
            "index": "pypi",
            "version": "==0.7"
        },
        "pytube": {
            "hashes": [
                "sha256:076052efe76f390dfa24b1194ff821d4e86c17d41cb5562f3a276a8bcbfc9d1d",
                "sha256:07b9904749e213485780d7eb606e5e5b8e4341aa4dccf699160876da00e12d78"
            ],
            "index": "pypi",
            "version": "==15.0.0"
        }
    },
    "develop": {}
}
